// !$*UTF8*$!
{
	archiveVersion = 1;
	classes = {
	};
	objectVersion = 52;
	objects = {

/* Begin PBXBuildFile section */
		2B0E865B234841800098D5E6 /* AppDelegate.swift in Sources */ = {isa = PBXBuildFile; fileRef = 2B0E865A234841800098D5E6 /* AppDelegate.swift */; };
		2B0E865D234841810098D5E6 /* SceneDelegate.swift in Sources */ = {isa = PBXBuildFile; fileRef = 2B0E865C234841810098D5E6 /* SceneDelegate.swift */; };
		2B0E865F234841810098D5E6 /* MapViewController.swift in Sources */ = {isa = PBXBuildFile; fileRef = 2B0E865E234841810098D5E6 /* MapViewController.swift */; };
		2B0E8662234841810098D5E6 /* Main.storyboard in Resources */ = {isa = PBXBuildFile; fileRef = 2B0E8660234841810098D5E6 /* Main.storyboard */; };
		2B0E8664234841830098D5E6 /* Assets.xcassets in Resources */ = {isa = PBXBuildFile; fileRef = 2B0E8663234841830098D5E6 /* Assets.xcassets */; };
		2B0E8667234841830098D5E6 /* LaunchScreen.storyboard in Resources */ = {isa = PBXBuildFile; fileRef = 2B0E8665234841830098D5E6 /* LaunchScreen.storyboard */; };
		2B0E8670234844650098D5E6 /* APIKit.framework in Frameworks */ = {isa = PBXBuildFile; fileRef = 2B0E866F234844650098D5E6 /* APIKit.framework */; };
		2B0E8671234844650098D5E6 /* APIKit.framework in Embed Frameworks */ = {isa = PBXBuildFile; fileRef = 2B0E866F234844650098D5E6 /* APIKit.framework */; settings = {ATTRIBUTES = (CodeSignOnCopy, RemoveHeadersOnCopy, ); }; };
		2B0E8675234845AC0098D5E6 /* DecodeDataParser.swift in Sources */ = {isa = PBXBuildFile; fileRef = 2B0E8674234845AC0098D5E6 /* DecodeDataParser.swift */; };
		2B0E867B234847130098D5E6 /* BeerAPI.swift in Sources */ = {isa = PBXBuildFile; fileRef = 2B0E867A234847130098D5E6 /* BeerAPI.swift */; };
		2B0E867D234847710098D5E6 /* BeerRequest.swift in Sources */ = {isa = PBXBuildFile; fileRef = 2B0E867C234847710098D5E6 /* BeerRequest.swift */; };
		2B0E867F2348494F0098D5E6 /* Items.swift in Sources */ = {isa = PBXBuildFile; fileRef = 2B0E867E2348494F0098D5E6 /* Items.swift */; };
		2B1E867B23486D1800D25A32 /* SuggestViewController.swift in Sources */ = {isa = PBXBuildFile; fileRef = 2B1E867A23486D1800D25A32 /* SuggestViewController.swift */; };
		2B1E867D23486D2500D25A32 /* RegisterViewController.swift in Sources */ = {isa = PBXBuildFile; fileRef = 2B1E867C23486D2500D25A32 /* RegisterViewController.swift */; };
		2B1E867F23486E1000D25A32 /* Koloda.framework in Frameworks */ = {isa = PBXBuildFile; fileRef = 2B1E867E23486E1000D25A32 /* Koloda.framework */; };
		2B1E868023486E1000D25A32 /* Koloda.framework in Embed Frameworks */ = {isa = PBXBuildFile; fileRef = 2B1E867E23486E1000D25A32 /* Koloda.framework */; settings = {ATTRIBUTES = (CodeSignOnCopy, RemoveHeadersOnCopy, ); }; };
		2B1E86852348752700D25A32 /* SakeCardView.swift in Sources */ = {isa = PBXBuildFile; fileRef = 2B1E86842348752700D25A32 /* SakeCardView.swift */; };
		2B1E8687234875A900D25A32 /* UIView+Extension.swift in Sources */ = {isa = PBXBuildFile; fileRef = 2B1E8686234875A900D25A32 /* UIView+Extension.swift */; };
		2BDC5EDA234882D200455FC0 /* Card.swift in Sources */ = {isa = PBXBuildFile; fileRef = 2BDC5ED9234882D200455FC0 /* Card.swift */; };
		2BDC5EDC234884DB00455FC0 /* pop.framework in Frameworks */ = {isa = PBXBuildFile; fileRef = 2BDC5EDB234884DA00455FC0 /* pop.framework */; };
		2BDC5EDD234884DB00455FC0 /* pop.framework in Embed Frameworks */ = {isa = PBXBuildFile; fileRef = 2BDC5EDB234884DA00455FC0 /* pop.framework */; settings = {ATTRIBUTES = (CodeSignOnCopy, RemoveHeadersOnCopy, ); }; };
		2BDC5EDF2348902100455FC0 /* UIColorExtension.swift in Sources */ = {isa = PBXBuildFile; fileRef = 2BDC5EDE2348902100455FC0 /* UIColorExtension.swift */; };
		2BDC5EE3234896A900455FC0 /* CustomTabbarBackgroundColor.swift in Sources */ = {isa = PBXBuildFile; fileRef = 2BDC5EE2234896A900455FC0 /* CustomTabbarBackgroundColor.swift */; };
		3FF9E2B18F5CB0D3FC56CA83 /* Pods_iOS_Saketify.framework in Frameworks */ = {isa = PBXBuildFile; fileRef = 5793985DD414D49F990FA17D /* Pods_iOS_Saketify.framework */; };
		4632C77A234867B0002EE84B /* FirebaseItems.swift in Sources */ = {isa = PBXBuildFile; fileRef = 4632C779234867B0002EE84B /* FirebaseItems.swift */; };
		4632C77C2348680C002EE84B /* FirebaseAPI.swift in Sources */ = {isa = PBXBuildFile; fileRef = 4632C77B2348680C002EE84B /* FirebaseAPI.swift */; };
		4632C77E23486846002EE84B /* GoogleService-Info.plist in Resources */ = {isa = PBXBuildFile; fileRef = 4632C77D23486846002EE84B /* GoogleService-Info.plist */; };
		4632C78B23487C39002EE84B /* UIAlertController+Extensions.swift in Sources */ = {isa = PBXBuildFile; fileRef = 4632C78023487C37002EE84B /* UIAlertController+Extensions.swift */; };
		4632C78C23487C39002EE84B /* UIApplication+Extensions.swift in Sources */ = {isa = PBXBuildFile; fileRef = 4632C78123487C38002EE84B /* UIApplication+Extensions.swift */; };
		4632C78D23487C39002EE84B /* UISearchBar+Extensions.swift in Sources */ = {isa = PBXBuildFile; fileRef = 4632C78223487C38002EE84B /* UISearchBar+Extensions.swift */; };
		4632C78E23487C39002EE84B /* UICollectionView+Extensions.swift in Sources */ = {isa = PBXBuildFile; fileRef = 4632C78323487C38002EE84B /* UICollectionView+Extensions.swift */; };
		4632C78F23487C39002EE84B /* UITabBar+Extensions.swift in Sources */ = {isa = PBXBuildFile; fileRef = 4632C78423487C38002EE84B /* UITabBar+Extensions.swift */; };
		4632C79023487C39002EE84B /* UINavigationController+Extensions.swift in Sources */ = {isa = PBXBuildFile; fileRef = 4632C78523487C38002EE84B /* UINavigationController+Extensions.swift */; };
		4632C79123487C39002EE84B /* UITableView+Extensions.swift in Sources */ = {isa = PBXBuildFile; fileRef = 4632C78623487C39002EE84B /* UITableView+Extensions.swift */; };
		4632C79223487C39002EE84B /* UIView+Extensions.swift in Sources */ = {isa = PBXBuildFile; fileRef = 4632C78723487C39002EE84B /* UIView+Extensions.swift */; };
		4632C79323487C39002EE84B /* URL+Extensions.swift in Sources */ = {isa = PBXBuildFile; fileRef = 4632C78823487C39002EE84B /* URL+Extensions.swift */; };
		4632C79423487C39002EE84B /* UIImage+Extensions.swift in Sources */ = {isa = PBXBuildFile; fileRef = 4632C78923487C39002EE84B /* UIImage+Extensions.swift */; };
		4632C79523487C39002EE84B /* UIColor+Extensions.swift in Sources */ = {isa = PBXBuildFile; fileRef = 4632C78A23487C39002EE84B /* UIColor+Extensions.swift */; };
		4632C79A23487C55002EE84B /* Reusable.swift in Sources */ = {isa = PBXBuildFile; fileRef = 4632C79723487C54002EE84B /* Reusable.swift */; };
		4632C79B23487C55002EE84B /* StoryboardInstantiable.swift in Sources */ = {isa = PBXBuildFile; fileRef = 4632C79823487C55002EE84B /* StoryboardInstantiable.swift */; };
		4632C79C23487C55002EE84B /* NibLoadable.swift in Sources */ = {isa = PBXBuildFile; fileRef = 4632C79923487C55002EE84B /* NibLoadable.swift */; };
		4632C79F23487D0F002EE84B /* FloatingPanel in Frameworks */ = {isa = PBXBuildFile; productRef = 4632C79E23487D0F002EE84B /* FloatingPanel */; };
		4632C7A123487D79002EE84B /* ShopListViewController.swift in Sources */ = {isa = PBXBuildFile; fileRef = 4632C7A023487D79002EE84B /* ShopListViewController.swift */; };
		4632C7A323487D8B002EE84B /* ShopListViewController.storyboard in Resources */ = {isa = PBXBuildFile; fileRef = 4632C7A223487D8B002EE84B /* ShopListViewController.storyboard */; };
		4632C7A623488004002EE84B /* ShopListTableViewCell.swift in Sources */ = {isa = PBXBuildFile; fileRef = 4632C7A423488004002EE84B /* ShopListTableViewCell.swift */; };
		4632C7A723488004002EE84B /* ShopListTableViewCell.xib in Resources */ = {isa = PBXBuildFile; fileRef = 4632C7A523488004002EE84B /* ShopListTableViewCell.xib */; };
		4632C7AA23488BA0002EE84B /* Kingfisher in Frameworks */ = {isa = PBXBuildFile; productRef = 4632C7A923488BA0002EE84B /* Kingfisher */; };
/* End PBXBuildFile section */

/* Begin PBXCopyFilesBuildPhase section */
		2B0E8672234844650098D5E6 /* Embed Frameworks */ = {
			isa = PBXCopyFilesBuildPhase;
			buildActionMask = 2147483647;
			dstPath = "";
			dstSubfolderSpec = 10;
			files = (
				2B1E868023486E1000D25A32 /* Koloda.framework in Embed Frameworks */,
				2BDC5EDD234884DB00455FC0 /* pop.framework in Embed Frameworks */,
				2B0E8671234844650098D5E6 /* APIKit.framework in Embed Frameworks */,
			);
			name = "Embed Frameworks";
			runOnlyForDeploymentPostprocessing = 0;
		};
/* End PBXCopyFilesBuildPhase section */

/* Begin PBXFileReference section */
		2B0E8657234841800098D5E6 /* Saketify.app */ = {isa = PBXFileReference; explicitFileType = wrapper.application; includeInIndex = 0; path = Saketify.app; sourceTree = BUILT_PRODUCTS_DIR; };
		2B0E865A234841800098D5E6 /* AppDelegate.swift */ = {isa = PBXFileReference; lastKnownFileType = sourcecode.swift; path = AppDelegate.swift; sourceTree = "<group>"; };
		2B0E865C234841810098D5E6 /* SceneDelegate.swift */ = {isa = PBXFileReference; lastKnownFileType = sourcecode.swift; path = SceneDelegate.swift; sourceTree = "<group>"; };
		2B0E865E234841810098D5E6 /* MapViewController.swift */ = {isa = PBXFileReference; lastKnownFileType = sourcecode.swift; path = MapViewController.swift; sourceTree = "<group>"; };
		2B0E8661234841810098D5E6 /* Base */ = {isa = PBXFileReference; lastKnownFileType = file.storyboard; name = Base; path = Base.lproj/Main.storyboard; sourceTree = "<group>"; };
		2B0E8663234841830098D5E6 /* Assets.xcassets */ = {isa = PBXFileReference; lastKnownFileType = folder.assetcatalog; path = Assets.xcassets; sourceTree = "<group>"; };
		2B0E8666234841830098D5E6 /* Base */ = {isa = PBXFileReference; lastKnownFileType = file.storyboard; name = Base; path = Base.lproj/LaunchScreen.storyboard; sourceTree = "<group>"; };
		2B0E8668234841830098D5E6 /* Info.plist */ = {isa = PBXFileReference; lastKnownFileType = text.plist.xml; path = Info.plist; sourceTree = "<group>"; };
		2B0E866F234844650098D5E6 /* APIKit.framework */ = {isa = PBXFileReference; lastKnownFileType = wrapper.framework; name = APIKit.framework; path = Carthage/Build/iOS/APIKit.framework; sourceTree = "<group>"; };
		2B0E8674234845AC0098D5E6 /* DecodeDataParser.swift */ = {isa = PBXFileReference; lastKnownFileType = sourcecode.swift; path = DecodeDataParser.swift; sourceTree = "<group>"; };
		2B0E867A234847130098D5E6 /* BeerAPI.swift */ = {isa = PBXFileReference; lastKnownFileType = sourcecode.swift; path = BeerAPI.swift; sourceTree = "<group>"; };
		2B0E867C234847710098D5E6 /* BeerRequest.swift */ = {isa = PBXFileReference; lastKnownFileType = sourcecode.swift; path = BeerRequest.swift; sourceTree = "<group>"; };
		2B0E867E2348494F0098D5E6 /* Items.swift */ = {isa = PBXFileReference; lastKnownFileType = sourcecode.swift; path = Items.swift; sourceTree = "<group>"; };
		2B1E867A23486D1800D25A32 /* SuggestViewController.swift */ = {isa = PBXFileReference; lastKnownFileType = sourcecode.swift; path = SuggestViewController.swift; sourceTree = "<group>"; };
		2B1E867C23486D2500D25A32 /* RegisterViewController.swift */ = {isa = PBXFileReference; lastKnownFileType = sourcecode.swift; path = RegisterViewController.swift; sourceTree = "<group>"; };
		2B1E867E23486E1000D25A32 /* Koloda.framework */ = {isa = PBXFileReference; lastKnownFileType = wrapper.framework; name = Koloda.framework; path = Carthage/Build/iOS/Koloda.framework; sourceTree = "<group>"; };
		2B1E86842348752700D25A32 /* SakeCardView.swift */ = {isa = PBXFileReference; lastKnownFileType = sourcecode.swift; path = SakeCardView.swift; sourceTree = "<group>"; };
		2B1E8686234875A900D25A32 /* UIView+Extension.swift */ = {isa = PBXFileReference; lastKnownFileType = sourcecode.swift; path = "UIView+Extension.swift"; sourceTree = "<group>"; };
		2BDC5ED9234882D200455FC0 /* Card.swift */ = {isa = PBXFileReference; lastKnownFileType = sourcecode.swift; path = Card.swift; sourceTree = "<group>"; };
		2BDC5EDB234884DA00455FC0 /* pop.framework */ = {isa = PBXFileReference; lastKnownFileType = wrapper.framework; name = pop.framework; path = Carthage/Build/iOS/pop.framework; sourceTree = "<group>"; };
		2BDC5EDE2348902100455FC0 /* UIColorExtension.swift */ = {isa = PBXFileReference; lastKnownFileType = sourcecode.swift; path = UIColorExtension.swift; sourceTree = "<group>"; };
		2BDC5EE2234896A900455FC0 /* CustomTabbarBackgroundColor.swift */ = {isa = PBXFileReference; lastKnownFileType = sourcecode.swift; path = CustomTabbarBackgroundColor.swift; sourceTree = "<group>"; };
		4632C779234867B0002EE84B /* FirebaseItems.swift */ = {isa = PBXFileReference; lastKnownFileType = sourcecode.swift; path = FirebaseItems.swift; sourceTree = "<group>"; };
		4632C77B2348680C002EE84B /* FirebaseAPI.swift */ = {isa = PBXFileReference; lastKnownFileType = sourcecode.swift; path = FirebaseAPI.swift; sourceTree = "<group>"; };
		4632C77D23486846002EE84B /* GoogleService-Info.plist */ = {isa = PBXFileReference; fileEncoding = 4; lastKnownFileType = text.plist.xml; path = "GoogleService-Info.plist"; sourceTree = "<group>"; };
		4632C78023487C37002EE84B /* UIAlertController+Extensions.swift */ = {isa = PBXFileReference; fileEncoding = 4; lastKnownFileType = sourcecode.swift; path = "UIAlertController+Extensions.swift"; sourceTree = "<group>"; };
		4632C78123487C38002EE84B /* UIApplication+Extensions.swift */ = {isa = PBXFileReference; fileEncoding = 4; lastKnownFileType = sourcecode.swift; path = "UIApplication+Extensions.swift"; sourceTree = "<group>"; };
		4632C78223487C38002EE84B /* UISearchBar+Extensions.swift */ = {isa = PBXFileReference; fileEncoding = 4; lastKnownFileType = sourcecode.swift; path = "UISearchBar+Extensions.swift"; sourceTree = "<group>"; };
		4632C78323487C38002EE84B /* UICollectionView+Extensions.swift */ = {isa = PBXFileReference; fileEncoding = 4; lastKnownFileType = sourcecode.swift; path = "UICollectionView+Extensions.swift"; sourceTree = "<group>"; };
		4632C78423487C38002EE84B /* UITabBar+Extensions.swift */ = {isa = PBXFileReference; fileEncoding = 4; lastKnownFileType = sourcecode.swift; path = "UITabBar+Extensions.swift"; sourceTree = "<group>"; };
		4632C78523487C38002EE84B /* UINavigationController+Extensions.swift */ = {isa = PBXFileReference; fileEncoding = 4; lastKnownFileType = sourcecode.swift; path = "UINavigationController+Extensions.swift"; sourceTree = "<group>"; };
		4632C78623487C39002EE84B /* UITableView+Extensions.swift */ = {isa = PBXFileReference; fileEncoding = 4; lastKnownFileType = sourcecode.swift; path = "UITableView+Extensions.swift"; sourceTree = "<group>"; };
		4632C78723487C39002EE84B /* UIView+Extensions.swift */ = {isa = PBXFileReference; fileEncoding = 4; lastKnownFileType = sourcecode.swift; path = "UIView+Extensions.swift"; sourceTree = "<group>"; };
		4632C78823487C39002EE84B /* URL+Extensions.swift */ = {isa = PBXFileReference; fileEncoding = 4; lastKnownFileType = sourcecode.swift; path = "URL+Extensions.swift"; sourceTree = "<group>"; };
		4632C78923487C39002EE84B /* UIImage+Extensions.swift */ = {isa = PBXFileReference; fileEncoding = 4; lastKnownFileType = sourcecode.swift; path = "UIImage+Extensions.swift"; sourceTree = "<group>"; };
		4632C78A23487C39002EE84B /* UIColor+Extensions.swift */ = {isa = PBXFileReference; fileEncoding = 4; lastKnownFileType = sourcecode.swift; path = "UIColor+Extensions.swift"; sourceTree = "<group>"; };
		4632C79723487C54002EE84B /* Reusable.swift */ = {isa = PBXFileReference; fileEncoding = 4; lastKnownFileType = sourcecode.swift; path = Reusable.swift; sourceTree = "<group>"; };
		4632C79823487C55002EE84B /* StoryboardInstantiable.swift */ = {isa = PBXFileReference; fileEncoding = 4; lastKnownFileType = sourcecode.swift; path = StoryboardInstantiable.swift; sourceTree = "<group>"; };
		4632C79923487C55002EE84B /* NibLoadable.swift */ = {isa = PBXFileReference; fileEncoding = 4; lastKnownFileType = sourcecode.swift; path = NibLoadable.swift; sourceTree = "<group>"; };
		4632C7A023487D79002EE84B /* ShopListViewController.swift */ = {isa = PBXFileReference; lastKnownFileType = sourcecode.swift; path = ShopListViewController.swift; sourceTree = "<group>"; };
		4632C7A223487D8B002EE84B /* ShopListViewController.storyboard */ = {isa = PBXFileReference; lastKnownFileType = file.storyboard; path = ShopListViewController.storyboard; sourceTree = "<group>"; };
		4632C7A423488004002EE84B /* ShopListTableViewCell.swift */ = {isa = PBXFileReference; lastKnownFileType = sourcecode.swift; path = ShopListTableViewCell.swift; sourceTree = "<group>"; };
		4632C7A523488004002EE84B /* ShopListTableViewCell.xib */ = {isa = PBXFileReference; lastKnownFileType = file.xib; path = ShopListTableViewCell.xib; sourceTree = "<group>"; };
		5793985DD414D49F990FA17D /* Pods_iOS_Saketify.framework */ = {isa = PBXFileReference; explicitFileType = wrapper.framework; includeInIndex = 0; path = Pods_iOS_Saketify.framework; sourceTree = BUILT_PRODUCTS_DIR; };
		66412AAA70073458FF17D2E6 /* Pods-iOS-Saketify.debug.xcconfig */ = {isa = PBXFileReference; includeInIndex = 1; lastKnownFileType = text.xcconfig; name = "Pods-iOS-Saketify.debug.xcconfig"; path = "Target Support Files/Pods-iOS-Saketify/Pods-iOS-Saketify.debug.xcconfig"; sourceTree = "<group>"; };
		B781D4B325A4D63F1E34D04A /* Pods-iOS-Saketify.release.xcconfig */ = {isa = PBXFileReference; includeInIndex = 1; lastKnownFileType = text.xcconfig; name = "Pods-iOS-Saketify.release.xcconfig"; path = "Target Support Files/Pods-iOS-Saketify/Pods-iOS-Saketify.release.xcconfig"; sourceTree = "<group>"; };
/* End PBXFileReference section */

/* Begin PBXFrameworksBuildPhase section */
		2B0E8654234841800098D5E6 /* Frameworks */ = {
			isa = PBXFrameworksBuildPhase;
			buildActionMask = 2147483647;
			files = (
				2BDC5EDC234884DB00455FC0 /* pop.framework in Frameworks */,
				2B1E867F23486E1000D25A32 /* Koloda.framework in Frameworks */,
				4632C79F23487D0F002EE84B /* FloatingPanel in Frameworks */,
				2B0E8670234844650098D5E6 /* APIKit.framework in Frameworks */,
				3FF9E2B18F5CB0D3FC56CA83 /* Pods_iOS_Saketify.framework in Frameworks */,
				4632C7AA23488BA0002EE84B /* Kingfisher in Frameworks */,
			);
			runOnlyForDeploymentPostprocessing = 0;
		};
/* End PBXFrameworksBuildPhase section */

/* Begin PBXGroup section */
		2B0E864E234841800098D5E6 = {
			isa = PBXGroup;
			children = (
				2B0E8659234841800098D5E6 /* iOS-Saketify */,
				2B0E8658234841800098D5E6 /* Products */,
				2B0E866E234844650098D5E6 /* Frameworks */,
				519EE8CD178AB8CD3EB54B48 /* Pods */,
			);
			sourceTree = "<group>";
		};
		2B0E8658234841800098D5E6 /* Products */ = {
			isa = PBXGroup;
			children = (
				2B0E8657234841800098D5E6 /* Saketify.app */,
			);
			name = Products;
			sourceTree = "<group>";
		};
		2B0E8659234841800098D5E6 /* iOS-Saketify */ = {
			isa = PBXGroup;
			children = (
				2B0E8660234841810098D5E6 /* Main.storyboard */,
				2B0E8663234841830098D5E6 /* Assets.xcassets */,
				2B0E8665234841830098D5E6 /* LaunchScreen.storyboard */,
				2B0E8668234841830098D5E6 /* Info.plist */,
				4632C77D23486846002EE84B /* GoogleService-Info.plist */,
				2B0E868023484B7D0098D5E6 /* Sources */,
			);
			path = "iOS-Saketify";
			sourceTree = "<group>";
		};
		2B0E866E234844650098D5E6 /* Frameworks */ = {
			isa = PBXGroup;
			children = (
				2BDC5EDB234884DA00455FC0 /* pop.framework */,
				2B1E867E23486E1000D25A32 /* Koloda.framework */,
				2B0E866F234844650098D5E6 /* APIKit.framework */,
				5793985DD414D49F990FA17D /* Pods_iOS_Saketify.framework */,
			);
			name = Frameworks;
			sourceTree = "<group>";
		};
		2B0E86762348460D0098D5E6 /* API */ = {
			isa = PBXGroup;
			children = (
				2B0E8677234846210098D5E6 /* Core */,
				2B0E8678234846340098D5E6 /* Request */,
				2B0E8679234846420098D5E6 /* Response */,
			);
			path = API;
			sourceTree = "<group>";
		};
		2B0E8677234846210098D5E6 /* Core */ = {
			isa = PBXGroup;
			children = (
				2B0E8674234845AC0098D5E6 /* DecodeDataParser.swift */,
				2B0E867A234847130098D5E6 /* BeerAPI.swift */,
				4632C77B2348680C002EE84B /* FirebaseAPI.swift */,
			);
			path = Core;
			sourceTree = "<group>";
		};
		2B0E8678234846340098D5E6 /* Request */ = {
			isa = PBXGroup;
			children = (
				2B0E867C234847710098D5E6 /* BeerRequest.swift */,
			);
			path = Request;
			sourceTree = "<group>";
		};
		2B0E8679234846420098D5E6 /* Response */ = {
			isa = PBXGroup;
			children = (
				2B0E867E2348494F0098D5E6 /* Items.swift */,
				4632C779234867B0002EE84B /* FirebaseItems.swift */,
			);
			path = Response;
			sourceTree = "<group>";
		};
		2B0E868023484B7D0098D5E6 /* Sources */ = {
			isa = PBXGroup;
			children = (
				2B0E865A234841800098D5E6 /* AppDelegate.swift */,
				2B0E865C234841810098D5E6 /* SceneDelegate.swift */,
				2B1E8686234875A900D25A32 /* UIView+Extension.swift */,
				4632C79623487C49002EE84B /* Protocols */,
				4632C77F23487C1A002EE84B /* Extensions */,
				2B1E867923486CE800D25A32 /* VCs */,
				2B1E86832348751000D25A32 /* Views */,
				2B0E86762348460D0098D5E6 /* API */,
				2BDC5EDE2348902100455FC0 /* UIColorExtension.swift */,
				2BDC5EE2234896A900455FC0 /* CustomTabbarBackgroundColor.swift */,
			);
			path = Sources;
			sourceTree = "<group>";
		};
		2B1E867923486CE800D25A32 /* VCs */ = {
			isa = PBXGroup;
			children = (
				2B0E865E234841810098D5E6 /* MapViewController.swift */,
				2B1E867A23486D1800D25A32 /* SuggestViewController.swift */,
				2B1E867C23486D2500D25A32 /* RegisterViewController.swift */,
				4632C7A023487D79002EE84B /* ShopListViewController.swift */,
				4632C7A223487D8B002EE84B /* ShopListViewController.storyboard */,
			);
			path = VCs;
			sourceTree = "<group>";
		};
		2B1E86832348751000D25A32 /* Views */ = {
			isa = PBXGroup;
			children = (
				2B1E86842348752700D25A32 /* SakeCardView.swift */,
				4632C7A423488004002EE84B /* ShopListTableViewCell.swift */,
				4632C7A523488004002EE84B /* ShopListTableViewCell.xib */,
				2BDC5ED9234882D200455FC0 /* Card.swift */,
			);
			path = Views;
			sourceTree = "<group>";
		};
		4632C77F23487C1A002EE84B /* Extensions */ = {
			isa = PBXGroup;
			children = (
				4632C78023487C37002EE84B /* UIAlertController+Extensions.swift */,
				4632C78123487C38002EE84B /* UIApplication+Extensions.swift */,
				4632C78323487C38002EE84B /* UICollectionView+Extensions.swift */,
				4632C78A23487C39002EE84B /* UIColor+Extensions.swift */,
				4632C78923487C39002EE84B /* UIImage+Extensions.swift */,
				4632C78523487C38002EE84B /* UINavigationController+Extensions.swift */,
				4632C78223487C38002EE84B /* UISearchBar+Extensions.swift */,
				4632C78423487C38002EE84B /* UITabBar+Extensions.swift */,
				4632C78623487C39002EE84B /* UITableView+Extensions.swift */,
				4632C78723487C39002EE84B /* UIView+Extensions.swift */,
				4632C78823487C39002EE84B /* URL+Extensions.swift */,
			);
			path = Extensions;
			sourceTree = "<group>";
		};
		4632C79623487C49002EE84B /* Protocols */ = {
			isa = PBXGroup;
			children = (
				4632C79923487C55002EE84B /* NibLoadable.swift */,
				4632C79723487C54002EE84B /* Reusable.swift */,
				4632C79823487C55002EE84B /* StoryboardInstantiable.swift */,
			);
			path = Protocols;
			sourceTree = "<group>";
		};
		519EE8CD178AB8CD3EB54B48 /* Pods */ = {
			isa = PBXGroup;
			children = (
				66412AAA70073458FF17D2E6 /* Pods-iOS-Saketify.debug.xcconfig */,
				B781D4B325A4D63F1E34D04A /* Pods-iOS-Saketify.release.xcconfig */,
			);
			path = Pods;
			sourceTree = "<group>";
		};
/* End PBXGroup section */

/* Begin PBXNativeTarget section */
		2B0E8656234841800098D5E6 /* iOS-Saketify */ = {
			isa = PBXNativeTarget;
			buildConfigurationList = 2B0E866B234841830098D5E6 /* Build configuration list for PBXNativeTarget "iOS-Saketify" */;
			buildPhases = (
				44956A0EE9956F071C090AD5 /* [CP] Check Pods Manifest.lock */,
				2B0E8653234841800098D5E6 /* Sources */,
				2B0E8654234841800098D5E6 /* Frameworks */,
				2B0E8655234841800098D5E6 /* Resources */,
				2B0E8672234844650098D5E6 /* Embed Frameworks */,
				2B0E86732348446E0098D5E6 /* Carthage */,
				C8EDAEE0F4ADEB6A4AE0EF36 /* [CP] Embed Pods Frameworks */,
			);
			buildRules = (
			);
			dependencies = (
			);
			name = "iOS-Saketify";
			packageProductDependencies = (
				4632C79E23487D0F002EE84B /* FloatingPanel */,
				4632C7A923488BA0002EE84B /* Kingfisher */,
			);
			productName = "iOS-Saketify";
			productReference = 2B0E8657234841800098D5E6 /* Saketify.app */;
			productType = "com.apple.product-type.application";
		};
/* End PBXNativeTarget section */

/* Begin PBXProject section */
		2B0E864F234841800098D5E6 /* Project object */ = {
			isa = PBXProject;
			attributes = {
				LastSwiftUpdateCheck = 1100;
				LastUpgradeCheck = 1100;
				ORGANIZATIONNAME = "Satoshi Komatsu";
				TargetAttributes = {
					2B0E8656234841800098D5E6 = {
						CreatedOnToolsVersion = 11.0;
					};
				};
			};
			buildConfigurationList = 2B0E8652234841800098D5E6 /* Build configuration list for PBXProject "iOS-Saketify" */;
			compatibilityVersion = "Xcode 9.3";
			developmentRegion = en;
			hasScannedForEncodings = 0;
			knownRegions = (
				en,
				Base,
			);
			mainGroup = 2B0E864E234841800098D5E6;
			packageReferences = (
				4632C79D23487D0F002EE84B /* XCRemoteSwiftPackageReference "FloatingPanel" */,
				4632C7A823488BA0002EE84B /* XCRemoteSwiftPackageReference "Kingfisher" */,
			);
			productRefGroup = 2B0E8658234841800098D5E6 /* Products */;
			projectDirPath = "";
			projectRoot = "";
			targets = (
				2B0E8656234841800098D5E6 /* iOS-Saketify */,
			);
		};
/* End PBXProject section */

/* Begin PBXResourcesBuildPhase section */
		2B0E8655234841800098D5E6 /* Resources */ = {
			isa = PBXResourcesBuildPhase;
			buildActionMask = 2147483647;
			files = (
				2B0E8667234841830098D5E6 /* LaunchScreen.storyboard in Resources */,
				4632C77E23486846002EE84B /* GoogleService-Info.plist in Resources */,
				4632C7A723488004002EE84B /* ShopListTableViewCell.xib in Resources */,
				4632C7A323487D8B002EE84B /* ShopListViewController.storyboard in Resources */,
				2B0E8664234841830098D5E6 /* Assets.xcassets in Resources */,
				2B0E8662234841810098D5E6 /* Main.storyboard in Resources */,
			);
			runOnlyForDeploymentPostprocessing = 0;
		};
/* End PBXResourcesBuildPhase section */

/* Begin PBXShellScriptBuildPhase section */
		2B0E86732348446E0098D5E6 /* Carthage */ = {
			isa = PBXShellScriptBuildPhase;
			buildActionMask = 2147483647;
			files = (
			);
			inputFileListPaths = (
			);
			inputPaths = (
				"$(SRCROOT)/Carthage/Build/iOS/APIKit.framework",
				"$(SRCROOT)/Carthage/Build/iOS/Koloda.framework",
				"$(SRCROOT)/Carthage/Build/iOS/pop.framework",
			);
			name = Carthage;
			outputFileListPaths = (
			);
			outputPaths = (
			);
			runOnlyForDeploymentPostprocessing = 0;
			shellPath = /bin/sh;
			shellScript = "# Type a script or drag a script file from your workspace to insert its path.\n/usr/local/bin/carthage copy-frameworks\n";
		};
		44956A0EE9956F071C090AD5 /* [CP] Check Pods Manifest.lock */ = {
			isa = PBXShellScriptBuildPhase;
			buildActionMask = 2147483647;
			files = (
			);
			inputFileListPaths = (
			);
			inputPaths = (
				"${PODS_PODFILE_DIR_PATH}/Podfile.lock",
				"${PODS_ROOT}/Manifest.lock",
			);
			name = "[CP] Check Pods Manifest.lock";
			outputFileListPaths = (
			);
			outputPaths = (
				"$(DERIVED_FILE_DIR)/Pods-iOS-Saketify-checkManifestLockResult.txt",
			);
			runOnlyForDeploymentPostprocessing = 0;
			shellPath = /bin/sh;
			shellScript = "diff \"${PODS_PODFILE_DIR_PATH}/Podfile.lock\" \"${PODS_ROOT}/Manifest.lock\" > /dev/null\nif [ $? != 0 ] ; then\n    # print error to STDERR\n    echo \"error: The sandbox is not in sync with the Podfile.lock. Run 'pod install' or update your CocoaPods installation.\" >&2\n    exit 1\nfi\n# This output is used by Xcode 'outputs' to avoid re-running this script phase.\necho \"SUCCESS\" > \"${SCRIPT_OUTPUT_FILE_0}\"\n";
			showEnvVarsInLog = 0;
		};
		C8EDAEE0F4ADEB6A4AE0EF36 /* [CP] Embed Pods Frameworks */ = {
			isa = PBXShellScriptBuildPhase;
			buildActionMask = 2147483647;
			files = (
			);
			inputFileListPaths = (
				"${PODS_ROOT}/Target Support Files/Pods-iOS-Saketify/Pods-iOS-Saketify-frameworks-${CONFIGURATION}-input-files.xcfilelist",
			);
			name = "[CP] Embed Pods Frameworks";
			outputFileListPaths = (
				"${PODS_ROOT}/Target Support Files/Pods-iOS-Saketify/Pods-iOS-Saketify-frameworks-${CONFIGURATION}-output-files.xcfilelist",
			);
			runOnlyForDeploymentPostprocessing = 0;
			shellPath = /bin/sh;
			shellScript = "\"${PODS_ROOT}/Target Support Files/Pods-iOS-Saketify/Pods-iOS-Saketify-frameworks.sh\"\n";
			showEnvVarsInLog = 0;
		};
/* End PBXShellScriptBuildPhase section */

/* Begin PBXSourcesBuildPhase section */
		2B0E8653234841800098D5E6 /* Sources */ = {
			isa = PBXSourcesBuildPhase;
			buildActionMask = 2147483647;
			files = (
				4632C79223487C39002EE84B /* UIView+Extensions.swift in Sources */,
				2B0E8675234845AC0098D5E6 /* DecodeDataParser.swift in Sources */,
				4632C7A623488004002EE84B /* ShopListTableViewCell.swift in Sources */,
				4632C79023487C39002EE84B /* UINavigationController+Extensions.swift in Sources */,
				4632C79C23487C55002EE84B /* NibLoadable.swift in Sources */,
				4632C7A123487D79002EE84B /* ShopListViewController.swift in Sources */,
				2BDC5EE3234896A900455FC0 /* CustomTabbarBackgroundColor.swift in Sources */,
				4632C78E23487C39002EE84B /* UICollectionView+Extensions.swift in Sources */,
				4632C79A23487C55002EE84B /* Reusable.swift in Sources */,
				2B1E8687234875A900D25A32 /* UIView+Extension.swift in Sources */,
				4632C78F23487C39002EE84B /* UITabBar+Extensions.swift in Sources */,
				2BDC5EDF2348902100455FC0 /* UIColorExtension.swift in Sources */,
				2B1E867D23486D2500D25A32 /* RegisterViewController.swift in Sources */,
				4632C77C2348680C002EE84B /* FirebaseAPI.swift in Sources */,
				4632C78B23487C39002EE84B /* UIAlertController+Extensions.swift in Sources */,
				4632C78C23487C39002EE84B /* UIApplication+Extensions.swift in Sources */,
				4632C77A234867B0002EE84B /* FirebaseItems.swift in Sources */,
				4632C79B23487C55002EE84B /* StoryboardInstantiable.swift in Sources */,
				4632C79323487C39002EE84B /* URL+Extensions.swift in Sources */,
				2B1E867B23486D1800D25A32 /* SuggestViewController.swift in Sources */,
				2B0E867B234847130098D5E6 /* BeerAPI.swift in Sources */,
				2B1E86852348752700D25A32 /* SakeCardView.swift in Sources */,
				2B0E865F234841810098D5E6 /* MapViewController.swift in Sources */,
				4632C79423487C39002EE84B /* UIImage+Extensions.swift in Sources */,
				4632C78D23487C39002EE84B /* UISearchBar+Extensions.swift in Sources */,
				4632C79123487C39002EE84B /* UITableView+Extensions.swift in Sources */,
				4632C79523487C39002EE84B /* UIColor+Extensions.swift in Sources */,
				2BDC5EDA234882D200455FC0 /* Card.swift in Sources */,
				2B0E865B234841800098D5E6 /* AppDelegate.swift in Sources */,
				2B0E867F2348494F0098D5E6 /* Items.swift in Sources */,
				2B0E865D234841810098D5E6 /* SceneDelegate.swift in Sources */,
				2B0E867D234847710098D5E6 /* BeerRequest.swift in Sources */,
			);
			runOnlyForDeploymentPostprocessing = 0;
		};
/* End PBXSourcesBuildPhase section */

/* Begin PBXVariantGroup section */
		2B0E8660234841810098D5E6 /* Main.storyboard */ = {
			isa = PBXVariantGroup;
			children = (
				2B0E8661234841810098D5E6 /* Base */,
			);
			name = Main.storyboard;
			sourceTree = "<group>";
		};
		2B0E8665234841830098D5E6 /* LaunchScreen.storyboard */ = {
			isa = PBXVariantGroup;
			children = (
				2B0E8666234841830098D5E6 /* Base */,
			);
			name = LaunchScreen.storyboard;
			sourceTree = "<group>";
		};
/* End PBXVariantGroup section */

/* Begin XCBuildConfiguration section */
		2B0E8669234841830098D5E6 /* Debug */ = {
			isa = XCBuildConfiguration;
			buildSettings = {
				ALWAYS_SEARCH_USER_PATHS = NO;
				CLANG_ANALYZER_NONNULL = YES;
				CLANG_ANALYZER_NUMBER_OBJECT_CONVERSION = YES_AGGRESSIVE;
				CLANG_CXX_LANGUAGE_STANDARD = "gnu++14";
				CLANG_CXX_LIBRARY = "libc++";
				CLANG_ENABLE_MODULES = YES;
				CLANG_ENABLE_OBJC_ARC = YES;
				CLANG_ENABLE_OBJC_WEAK = YES;
				CLANG_WARN_BLOCK_CAPTURE_AUTORELEASING = YES;
				CLANG_WARN_BOOL_CONVERSION = YES;
				CLANG_WARN_COMMA = YES;
				CLANG_WARN_CONSTANT_CONVERSION = YES;
				CLANG_WARN_DEPRECATED_OBJC_IMPLEMENTATIONS = YES;
				CLANG_WARN_DIRECT_OBJC_ISA_USAGE = YES_ERROR;
				CLANG_WARN_DOCUMENTATION_COMMENTS = YES;
				CLANG_WARN_EMPTY_BODY = YES;
				CLANG_WARN_ENUM_CONVERSION = YES;
				CLANG_WARN_INFINITE_RECURSION = YES;
				CLANG_WARN_INT_CONVERSION = YES;
				CLANG_WARN_NON_LITERAL_NULL_CONVERSION = YES;
				CLANG_WARN_OBJC_IMPLICIT_RETAIN_SELF = YES;
				CLANG_WARN_OBJC_LITERAL_CONVERSION = YES;
				CLANG_WARN_OBJC_ROOT_CLASS = YES_ERROR;
				CLANG_WARN_RANGE_LOOP_ANALYSIS = YES;
				CLANG_WARN_STRICT_PROTOTYPES = YES;
				CLANG_WARN_SUSPICIOUS_MOVE = YES;
				CLANG_WARN_UNGUARDED_AVAILABILITY = YES_AGGRESSIVE;
				CLANG_WARN_UNREACHABLE_CODE = YES;
				CLANG_WARN__DUPLICATE_METHOD_MATCH = YES;
				COPY_PHASE_STRIP = NO;
				DEBUG_INFORMATION_FORMAT = dwarf;
				ENABLE_STRICT_OBJC_MSGSEND = YES;
				ENABLE_TESTABILITY = YES;
				GCC_C_LANGUAGE_STANDARD = gnu11;
				GCC_DYNAMIC_NO_PIC = NO;
				GCC_NO_COMMON_BLOCKS = YES;
				GCC_OPTIMIZATION_LEVEL = 0;
				GCC_PREPROCESSOR_DEFINITIONS = (
					"DEBUG=1",
					"$(inherited)",
				);
				GCC_WARN_64_TO_32_BIT_CONVERSION = YES;
				GCC_WARN_ABOUT_RETURN_TYPE = YES_ERROR;
				GCC_WARN_UNDECLARED_SELECTOR = YES;
				GCC_WARN_UNINITIALIZED_AUTOS = YES_AGGRESSIVE;
				GCC_WARN_UNUSED_FUNCTION = YES;
				GCC_WARN_UNUSED_VARIABLE = YES;
				IPHONEOS_DEPLOYMENT_TARGET = 13.0;
				MTL_ENABLE_DEBUG_INFO = INCLUDE_SOURCE;
				MTL_FAST_MATH = YES;
				ONLY_ACTIVE_ARCH = YES;
				SDKROOT = iphoneos;
				SWIFT_ACTIVE_COMPILATION_CONDITIONS = DEBUG;
				SWIFT_OPTIMIZATION_LEVEL = "-Onone";
			};
			name = Debug;
		};
		2B0E866A234841830098D5E6 /* Release */ = {
			isa = XCBuildConfiguration;
			buildSettings = {
				ALWAYS_SEARCH_USER_PATHS = NO;
				CLANG_ANALYZER_NONNULL = YES;
				CLANG_ANALYZER_NUMBER_OBJECT_CONVERSION = YES_AGGRESSIVE;
				CLANG_CXX_LANGUAGE_STANDARD = "gnu++14";
				CLANG_CXX_LIBRARY = "libc++";
				CLANG_ENABLE_MODULES = YES;
				CLANG_ENABLE_OBJC_ARC = YES;
				CLANG_ENABLE_OBJC_WEAK = YES;
				CLANG_WARN_BLOCK_CAPTURE_AUTORELEASING = YES;
				CLANG_WARN_BOOL_CONVERSION = YES;
				CLANG_WARN_COMMA = YES;
				CLANG_WARN_CONSTANT_CONVERSION = YES;
				CLANG_WARN_DEPRECATED_OBJC_IMPLEMENTATIONS = YES;
				CLANG_WARN_DIRECT_OBJC_ISA_USAGE = YES_ERROR;
				CLANG_WARN_DOCUMENTATION_COMMENTS = YES;
				CLANG_WARN_EMPTY_BODY = YES;
				CLANG_WARN_ENUM_CONVERSION = YES;
				CLANG_WARN_INFINITE_RECURSION = YES;
				CLANG_WARN_INT_CONVERSION = YES;
				CLANG_WARN_NON_LITERAL_NULL_CONVERSION = YES;
				CLANG_WARN_OBJC_IMPLICIT_RETAIN_SELF = YES;
				CLANG_WARN_OBJC_LITERAL_CONVERSION = YES;
				CLANG_WARN_OBJC_ROOT_CLASS = YES_ERROR;
				CLANG_WARN_RANGE_LOOP_ANALYSIS = YES;
				CLANG_WARN_STRICT_PROTOTYPES = YES;
				CLANG_WARN_SUSPICIOUS_MOVE = YES;
				CLANG_WARN_UNGUARDED_AVAILABILITY = YES_AGGRESSIVE;
				CLANG_WARN_UNREACHABLE_CODE = YES;
				CLANG_WARN__DUPLICATE_METHOD_MATCH = YES;
				COPY_PHASE_STRIP = NO;
				DEBUG_INFORMATION_FORMAT = "dwarf-with-dsym";
				ENABLE_NS_ASSERTIONS = NO;
				ENABLE_STRICT_OBJC_MSGSEND = YES;
				GCC_C_LANGUAGE_STANDARD = gnu11;
				GCC_NO_COMMON_BLOCKS = YES;
				GCC_WARN_64_TO_32_BIT_CONVERSION = YES;
				GCC_WARN_ABOUT_RETURN_TYPE = YES_ERROR;
				GCC_WARN_UNDECLARED_SELECTOR = YES;
				GCC_WARN_UNINITIALIZED_AUTOS = YES_AGGRESSIVE;
				GCC_WARN_UNUSED_FUNCTION = YES;
				GCC_WARN_UNUSED_VARIABLE = YES;
				IPHONEOS_DEPLOYMENT_TARGET = 13.0;
				MTL_ENABLE_DEBUG_INFO = NO;
				MTL_FAST_MATH = YES;
				SDKROOT = iphoneos;
				SWIFT_COMPILATION_MODE = wholemodule;
				SWIFT_OPTIMIZATION_LEVEL = "-O";
				VALIDATE_PRODUCT = YES;
			};
			name = Release;
		};
		2B0E866C234841830098D5E6 /* Debug */ = {
			isa = XCBuildConfiguration;
			baseConfigurationReference = 66412AAA70073458FF17D2E6 /* Pods-iOS-Saketify.debug.xcconfig */;
			buildSettings = {
				ASSETCATALOG_COMPILER_APPICON_NAME = AppIcon;
				CODE_SIGN_IDENTITY = "Apple Development";
				CODE_SIGN_STYLE = Automatic;
				CURRENT_PROJECT_VERSION = 1.0.0;
				DEVELOPMENT_TEAM = B4S4333JDW;
				FRAMEWORK_SEARCH_PATHS = (
					"$(inherited)",
					"$(PROJECT_DIR)/Carthage/Build/iOS",
				);
				INFOPLIST_FILE = "iOS-Saketify/Info.plist";
				IPHONEOS_DEPLOYMENT_TARGET = 13.0;
				LD_RUNPATH_SEARCH_PATHS = (
					"$(inherited)",
					"@executable_path/Frameworks",
				);
				PRODUCT_BUNDLE_IDENTIFIER = com.inequality.Saketify;
				PRODUCT_NAME = Saketify;
				PROVISIONING_PROFILE_SPECIFIER = "";
				SWIFT_VERSION = 5.0;
				TARGETED_DEVICE_FAMILY = 1;
			};
			name = Debug;
		};
		2B0E866D234841830098D5E6 /* Release */ = {
			isa = XCBuildConfiguration;
			baseConfigurationReference = B781D4B325A4D63F1E34D04A /* Pods-iOS-Saketify.release.xcconfig */;
			buildSettings = {
				ASSETCATALOG_COMPILER_APPICON_NAME = AppIcon;
				CODE_SIGN_STYLE = Automatic;
				CURRENT_PROJECT_VERSION = 1.0.0;
				DEVELOPMENT_TEAM = B4S4333JDW;
				FRAMEWORK_SEARCH_PATHS = (
					"$(inherited)",
					"$(PROJECT_DIR)/Carthage/Build/iOS",
				);
				INFOPLIST_FILE = "iOS-Saketify/Info.plist";
				IPHONEOS_DEPLOYMENT_TARGET = 13.0;
				LD_RUNPATH_SEARCH_PATHS = (
					"$(inherited)",
					"@executable_path/Frameworks",
				);
				PRODUCT_BUNDLE_IDENTIFIER = com.inequality.Saketify;
				PRODUCT_NAME = Saketify;
				SWIFT_VERSION = 5.0;
				TARGETED_DEVICE_FAMILY = 1;
			};
			name = Release;
		};
/* End XCBuildConfiguration section */

/* Begin XCConfigurationList section */
		2B0E8652234841800098D5E6 /* Build configuration list for PBXProject "iOS-Saketify" */ = {
			isa = XCConfigurationList;
			buildConfigurations = (
				2B0E8669234841830098D5E6 /* Debug */,
				2B0E866A234841830098D5E6 /* Release */,
			);
			defaultConfigurationIsVisible = 0;
			defaultConfigurationName = Release;
		};
		2B0E866B234841830098D5E6 /* Build configuration list for PBXNativeTarget "iOS-Saketify" */ = {
			isa = XCConfigurationList;
			buildConfigurations = (
				2B0E866C234841830098D5E6 /* Debug */,
				2B0E866D234841830098D5E6 /* Release */,
			);
			defaultConfigurationIsVisible = 0;
			defaultConfigurationName = Release;
		};
/* End XCConfigurationList section */

/* Begin XCRemoteSwiftPackageReference section */
		4632C79D23487D0F002EE84B /* XCRemoteSwiftPackageReference "FloatingPanel" */ = {
			isa = XCRemoteSwiftPackageReference;
			repositoryURL = "https://github.com/SCENEE/FloatingPanel";
			requirement = {
				kind = upToNextMajorVersion;
				minimumVersion = 1.7.0;
			};
		};
		4632C7A823488BA0002EE84B /* XCRemoteSwiftPackageReference "Kingfisher" */ = {
			isa = XCRemoteSwiftPackageReference;
			repositoryURL = "https://github.com/onevcat/Kingfisher";
			requirement = {
				kind = upToNextMajorVersion;
				minimumVersion = 5.8.2;
			};
		};
/* End XCRemoteSwiftPackageReference section */

/* Begin XCSwiftPackageProductDependency section */
		4632C79E23487D0F002EE84B /* FloatingPanel */ = {
			isa = XCSwiftPackageProductDependency;
			package = 4632C79D23487D0F002EE84B /* XCRemoteSwiftPackageReference "FloatingPanel" */;
			productName = FloatingPanel;
		};
		4632C7A923488BA0002EE84B /* Kingfisher */ = {
			isa = XCSwiftPackageProductDependency;
			package = 4632C7A823488BA0002EE84B /* XCRemoteSwiftPackageReference "Kingfisher" */;
			productName = Kingfisher;
		};
/* End XCSwiftPackageProductDependency section */
	};
	rootObject = 2B0E864F234841800098D5E6 /* Project object */;
}
